// !$*UTF8*$!
{
	archiveVersion = 1;
	classes = {
	};
	objectVersion = 56;
	objects = {

/* Begin PBXBuildFile section */
		666913EC2936650600A7D1D6 /* ServerHandler.m in Sources */ = {isa = PBXBuildFile; fileRef = 666913EB2936650600A7D1D6 /* ServerHandler.m */; };
		66879BDC2938C11F0036D77E /* ClientsMessagesRegistry.m in Sources */ = {isa = PBXBuildFile; fileRef = 66879BDB2938C11F0036D77E /* ClientsMessagesRegistry.m */; };
		66BF36C2293E037800B2D4F5 /* MessageTypeMaker.m in Sources */ = {isa = PBXBuildFile; fileRef = 66BF36C1293E037800B2D4F5 /* MessageTypeMaker.m */; };
		66E632C82934538000CD2964 /* main.m in Sources */ = {isa = PBXBuildFile; fileRef = 66E632C72934538000CD2964 /* main.m */; };
/* End PBXBuildFile section */

/* Begin PBXCopyFilesBuildPhase section */
		66E632C22934538000CD2964 /* CopyFiles */ = {
			isa = PBXCopyFilesBuildPhase;
			buildActionMask = 2147483647;
			dstPath = /usr/share/man/man1/;
			dstSubfolderSpec = 0;
			files = (
			);
			runOnlyForDeploymentPostprocessing = 1;
		};
/* End PBXCopyFilesBuildPhase section */

/* Begin PBXFileReference section */
		666913EA2936650600A7D1D6 /* ServerHandler.h */ = {isa = PBXFileReference; lastKnownFileType = sourcecode.c.h; path = ServerHandler.h; sourceTree = "<group>"; };
		666913EB2936650600A7D1D6 /* ServerHandler.m */ = {isa = PBXFileReference; lastKnownFileType = sourcecode.c.objc; path = ServerHandler.m; sourceTree = "<group>"; };
		66879BDA2938C11F0036D77E /* ClientsMessagesRegistry.h */ = {isa = PBXFileReference; lastKnownFileType = sourcecode.c.h; path = ClientsMessagesRegistry.h; sourceTree = "<group>"; };
		66879BDB2938C11F0036D77E /* ClientsMessagesRegistry.m */ = {isa = PBXFileReference; lastKnownFileType = sourcecode.c.objc; path = ClientsMessagesRegistry.m; sourceTree = "<group>"; };
		66BF36C0293E037800B2D4F5 /* MessageTypeMaker.h */ = {isa = PBXFileReference; lastKnownFileType = sourcecode.c.h; path = MessageTypeMaker.h; sourceTree = "<group>"; };
		66BF36C1293E037800B2D4F5 /* MessageTypeMaker.m */ = {isa = PBXFileReference; lastKnownFileType = sourcecode.c.objc; path = MessageTypeMaker.m; sourceTree = "<group>"; };
		66E632C42934538000CD2964 /* Server */ = {isa = PBXFileReference; explicitFileType = "compiled.mach-o.executable"; includeInIndex = 0; path = Server; sourceTree = BUILT_PRODUCTS_DIR; };
		66E632C72934538000CD2964 /* main.m */ = {isa = PBXFileReference; lastKnownFileType = sourcecode.c.objc; path = main.m; sourceTree = "<group>"; };
/* End PBXFileReference section */

/* Begin PBXFrameworksBuildPhase section */
		66E632C12934538000CD2964 /* Frameworks */ = {
			isa = PBXFrameworksBuildPhase;
			buildActionMask = 2147483647;
			files = (
			);
			runOnlyForDeploymentPostprocessing = 0;
		};
/* End PBXFrameworksBuildPhase section */

/* Begin PBXGroup section */
		66E632BB2934538000CD2964 = {
			isa = PBXGroup;
			children = (
				66E632C62934538000CD2964 /* Server */,
				66E632C52934538000CD2964 /* Products */,
			);
			sourceTree = "<group>";
		};
		66E632C52934538000CD2964 /* Products */ = {
			isa = PBXGroup;
			children = (
				66E632C42934538000CD2964 /* Server */,
			);
			name = Products;
			sourceTree = "<group>";
		};
		66E632C62934538000CD2964 /* Server */ = {
			isa = PBXGroup;
			children = (
				66E632C72934538000CD2964 /* main.m */,
				666913EA2936650600A7D1D6 /* ServerHandler.h */,
				666913EB2936650600A7D1D6 /* ServerHandler.m */,
				66879BDA2938C11F0036D77E /* ClientsMessagesRegistry.h */,
				66879BDB2938C11F0036D77E /* ClientsMessagesRegistry.m */,
				66BF36C0293E037800B2D4F5 /* MessageTypeMaker.h */,
				66BF36C1293E037800B2D4F5 /* MessageTypeMaker.m */,
			);
			path = Server;
			sourceTree = "<group>";
		};
/* End PBXGroup section */

/* Begin PBXNativeTarget section */
		66E632C32934538000CD2964 /* Server */ = {
			isa = PBXNativeTarget;
			buildConfigurationList = 66E632CB2934538000CD2964 /* Build configuration list for PBXNativeTarget "Server" */;
			buildPhases = (
				66E632C02934538000CD2964 /* Sources */,
				66E632C12934538000CD2964 /* Frameworks */,
				66E632C22934538000CD2964 /* CopyFiles */,
			);
			buildRules = (
			);
			dependencies = (
			);
			name = Server;
			productName = Server;
			productReference = 66E632C42934538000CD2964 /* Server */;
			productType = "com.apple.product-type.tool";
		};
/* End PBXNativeTarget section */

/* Begin PBXProject section */
		66E632BC2934538000CD2964 /* Project object */ = {
			isa = PBXProject;
			attributes = {
				BuildIndependentTargetsInParallel = 1;
				LastUpgradeCheck = 1410;
				TargetAttributes = {
					66E632C32934538000CD2964 = {
						CreatedOnToolsVersion = 14.1;
					};
				};
			};
			buildConfigurationList = 66E632BF2934538000CD2964 /* Build configuration list for PBXProject "Server" */;
			compatibilityVersion = "Xcode 14.0";
			developmentRegion = en;
			hasScannedForEncodings = 0;
			knownRegions = (
				en,
				Base,
			);
			mainGroup = 66E632BB2934538000CD2964;
			productRefGroup = 66E632C52934538000CD2964 /* Products */;
			projectDirPath = "";
			projectRoot = "";
			targets = (
				66E632C32934538000CD2964 /* Server */,
			);
		};
/* End PBXProject section */

/* Begin PBXSourcesBuildPhase section */
		66E632C02934538000CD2964 /* Sources */ = {
			isa = PBXSourcesBuildPhase;
			buildActionMask = 2147483647;
			files = (
				66BF36C2293E037800B2D4F5 /* MessageTypeMaker.m in Sources */,
				66E632C82934538000CD2964 /* main.m in Sources */,
				66879BDC2938C11F0036D77E /* ClientsMessagesRegistry.m in Sources */,
				666913EC2936650600A7D1D6 /* ServerHandler.m in Sources */,
			);
			runOnlyForDeploymentPostprocessing = 0;
		};
/* End PBXSourcesBuildPhase section */

/* Begin XCBuildConfiguration section */
		66E632C92934538000CD2964 /* Debug */ = {
			isa = XCBuildConfiguration;
			buildSettings = {
				ALWAYS_SEARCH_USER_PATHS = NO;
				CLANG_ANALYZER_NONNULL = YES;
				CLANG_ANALYZER_NUMBER_OBJECT_CONVERSION = YES_AGGRESSIVE;
				CLANG_CXX_LANGUAGE_STANDARD = "gnu++20";
				CLANG_ENABLE_MODULES = YES;
				CLANG_ENABLE_OBJC_ARC = YES;
				CLANG_ENABLE_OBJC_WEAK = YES;
				CLANG_WARN_BLOCK_CAPTURE_AUTORELEASING = YES;
				CLANG_WARN_BOOL_CONVERSION = YES;
				CLANG_WARN_COMMA = YES;
				CLANG_WARN_CONSTANT_CONVERSION = YES;
				CLANG_WARN_DEPRECATED_OBJC_IMPLEMENTATIONS = YES;
				CLANG_WARN_DIRECT_OBJC_ISA_USAGE = YES_ERROR;
				CLANG_WARN_DOCUMENTATION_COMMENTS = YES;
				CLANG_WARN_EMPTY_BODY = YES;
				CLANG_WARN_ENUM_CONVERSION = YES;
				CLANG_WARN_INFINITE_RECURSION = YES;
				CLANG_WARN_INT_CONVERSION = YES;
				CLANG_WARN_NON_LITERAL_NULL_CONVERSION = YES;
				CLANG_WARN_OBJC_IMPLICIT_RETAIN_SELF = YES;
				CLANG_WARN_OBJC_LITERAL_CONVERSION = YES;
				CLANG_WARN_OBJC_ROOT_CLASS = YES_ERROR;
				CLANG_WARN_QUOTED_INCLUDE_IN_FRAMEWORK_HEADER = YES;
				CLANG_WARN_RANGE_LOOP_ANALYSIS = YES;
				CLANG_WARN_STRICT_PROTOTYPES = YES;
				CLANG_WARN_SUSPICIOUS_MOVE = YES;
				CLANG_WARN_UNGUARDED_AVAILABILITY = YES_AGGRESSIVE;
				CLANG_WARN_UNREACHABLE_CODE = YES;
				CLANG_WARN__DUPLICATE_METHOD_MATCH = YES;
				COPY_PHASE_STRIP = NO;
				DEBUG_INFORMATION_FORMAT = dwarf;
				ENABLE_STRICT_OBJC_MSGSEND = YES;
				ENABLE_TESTABILITY = YES;
				GCC_C_LANGUAGE_STANDARD = gnu11;
				GCC_DYNAMIC_NO_PIC = NO;
				GCC_NO_COMMON_BLOCKS = YES;
				GCC_OPTIMIZATION_LEVEL = 0;
				GCC_PREPROCESSOR_DEFINITIONS = (
					"DEBUG=1",
					"$(inherited)",
				);
				GCC_WARN_64_TO_32_BIT_CONVERSION = YES;
				GCC_WARN_ABOUT_RETURN_TYPE = YES_ERROR;
				GCC_WARN_UNDECLARED_SELECTOR = YES;
				GCC_WARN_UNINITIALIZED_AUTOS = YES_AGGRESSIVE;
				GCC_WARN_UNUSED_FUNCTION = YES;
				GCC_WARN_UNUSED_VARIABLE = YES;
				MACOSX_DEPLOYMENT_TARGET = 12.6;
				MTL_ENABLE_DEBUG_INFO = INCLUDE_SOURCE;
				MTL_FAST_MATH = YES;
				ONLY_ACTIVE_ARCH = YES;
				SDKROOT = macosx;
			};
			name = Debug;
		};
		66E632CA2934538000CD2964 /* Release */ = {
			isa = XCBuildConfiguration;
			buildSettings = {
				ALWAYS_SEARCH_USER_PATHS = NO;
				CLANG_ANALYZER_NONNULL = YES;
				CLANG_ANALYZER_NUMBER_OBJECT_CONVERSION = YES_AGGRESSIVE;
				CLANG_CXX_LANGUAGE_STANDARD = "gnu++20";
				CLANG_ENABLE_MODULES = YES;
				CLANG_ENABLE_OBJC_ARC = YES;
				CLANG_ENABLE_OBJC_WEAK = YES;
				CLANG_WARN_BLOCK_CAPTURE_AUTORELEASING = YES;
				CLANG_WARN_BOOL_CONVERSION = YES;
				CLANG_WARN_COMMA = YES;
				CLANG_WARN_CONSTANT_CONVERSION = YES;
				CLANG_WARN_DEPRECATED_OBJC_IMPLEMENTATIONS = YES;
				CLANG_WARN_DIRECT_OBJC_ISA_USAGE = YES_ERROR;
				CLANG_WARN_DOCUMENTATION_COMMENTS = YES;
				CLANG_WARN_EMPTY_BODY = YES;
				CLANG_WARN_ENUM_CONVERSION = YES;
				CLANG_WARN_INFINITE_RECURSION = YES;
				CLANG_WARN_INT_CONVERSION = YES;
				CLANG_WARN_NON_LITERAL_NULL_CONVERSION = YES;
				CLANG_WARN_OBJC_IMPLICIT_RETAIN_SELF = YES;
				CLANG_WARN_OBJC_LITERAL_CONVERSION = YES;
				CLANG_WARN_OBJC_ROOT_CLASS = YES_ERROR;
				CLANG_WARN_QUOTED_INCLUDE_IN_FRAMEWORK_HEADER = YES;
				CLANG_WARN_RANGE_LOOP_ANALYSIS = YES;
				CLANG_WARN_STRICT_PROTOTYPES = YES;
				CLANG_WARN_SUSPICIOUS_MOVE = YES;
				CLANG_WARN_UNGUARDED_AVAILABILITY = YES_AGGRESSIVE;
				CLANG_WARN_UNREACHABLE_CODE = YES;
				CLANG_WARN__DUPLICATE_METHOD_MATCH = YES;
				COPY_PHASE_STRIP = NO;
				DEBUG_INFORMATION_FORMAT = "dwarf-with-dsym";
				ENABLE_NS_ASSERTIONS = NO;
				ENABLE_STRICT_OBJC_MSGSEND = YES;
				GCC_C_LANGUAGE_STANDARD = gnu11;
				GCC_NO_COMMON_BLOCKS = YES;
				GCC_WARN_64_TO_32_BIT_CONVERSION = YES;
				GCC_WARN_ABOUT_RETURN_TYPE = YES_ERROR;
				GCC_WARN_UNDECLARED_SELECTOR = YES;
				GCC_WARN_UNINITIALIZED_AUTOS = YES_AGGRESSIVE;
				GCC_WARN_UNUSED_FUNCTION = YES;
				GCC_WARN_UNUSED_VARIABLE = YES;
				MACOSX_DEPLOYMENT_TARGET = 12.6;
				MTL_ENABLE_DEBUG_INFO = NO;
				MTL_FAST_MATH = YES;
				SDKROOT = macosx;
			};
			name = Release;
		};
		66E632CC2934538000CD2964 /* Debug */ = {
			isa = XCBuildConfiguration;
			buildSettings = {
				CODE_SIGN_STYLE = Automatic;
				PRODUCT_NAME = "$(TARGET_NAME)";
			};
			name = Debug;
		};
		66E632CD2934538000CD2964 /* Release */ = {
			isa = XCBuildConfiguration;
			buildSettings = {
				CODE_SIGN_STYLE = Automatic;
				PRODUCT_NAME = "$(TARGET_NAME)";
			};
			name = Release;
		};
/* End XCBuildConfiguration section */

/* Begin XCConfigurationList section */
		66E632BF2934538000CD2964 /* Build configuration list for PBXProject "Server" */ = {
			isa = XCConfigurationList;
			buildConfigurations = (
				66E632C92934538000CD2964 /* Debug */,
				66E632CA2934538000CD2964 /* Release */,
			);
			defaultConfigurationIsVisible = 0;
			defaultConfigurationName = Release;
		};
		66E632CB2934538000CD2964 /* Build configuration list for PBXNativeTarget "Server" */ = {
			isa = XCConfigurationList;
			buildConfigurations = (
				66E632CC2934538000CD2964 /* Debug */,
				66E632CD2934538000CD2964 /* Release */,
			);
			defaultConfigurationIsVisible = 0;
			defaultConfigurationName = Release;
		};
/* End XCConfigurationList section */
	};
	rootObject = 66E632BC2934538000CD2964 /* Project object */;
}
